
Microsoft Visual Studio Solution File, Format Version 12.00
# Visual Studio Version 16
VisualStudioVersion = 16.0.28803.452
MinimumVisualStudioVersion = 10.0.40219.1
Project("{FAE04EC0-301F-11D3-BF4B-00C04F79EFBC}") = "SerialPortTerminal", "SerialPortTerminal.csproj", "{BBE71346-25BB-4D3D-B91E-EE027947F8D9}"
EndProject
Global
	GlobalSection(SolutionConfigurationPlatforms) = preSolution
		Debug|Any CPU = Debug|Any CPU
		Debug|x86 = Debug|x86
		Release|Any CPU = Release|Any CPU
		Release|x86 = Release|x86
	EndGlobalSection
	GlobalSection(ProjectConfigurationPlatforms) = postSolution
		{BBE71346-25BB-4D3D-B91E-EE027947F8D9}.Debug|Any CPU.ActiveCfg = Debug|Any CPU
		{BBE71346-25BB-4D3D-B91E-EE027947F8D9}.Debug|Any CPU.Build.0 = Debug|Any CPU
		{BBE71346-25BB-4D3D-B91E-EE027947F8D9}.Debug|x86.ActiveCfg = Debug|x86
		{BBE71346-25BB-4D3D-B91E-EE027947F8D9}.Debug|x86.Build.0 = Debug|x86
		{BBE71346-25BB-4D3D-B91E-EE027947F8D9}.Release|Any CPU.ActiveCfg = Release|Any CPU
		{BBE71346-25BB-4D3D-B91E-EE027947F8D9}.Release|Any CPU.Build.0 = Release|Any CPU
		{BBE71346-25BB-4D3D-B91E-EE027947F8D9}.Release|x86.ActiveCfg = Release|x86
		{BBE71346-25BB-4D3D-B91E-EE027947F8D9}.Release|x86.Build.0 = Release|x86
	EndGlobalSection
	GlobalSection(SolutionProperties) = preSolution
		HideSolutionNode = FALSE
	EndGlobalSection
	GlobalSection(ExtensibilityGlobals) = postSolution
		SolutionGuid = {C451786F-7662-4E5E-ACF2-27AE88CB102A}
	EndGlobalSection
EndGlobal
